// !$*UTF8*$!
{
	archiveVersion = 1;
	classes = {
	};
	objectVersion = 55;
	objects = {

/* Begin PBXBuildFile section */
		C02104E328270A7800931B80 /* AppDelegate.swift in Sources */ = {isa = PBXBuildFile; fileRef = C02104E228270A7800931B80 /* AppDelegate.swift */; };
		C02104E528270A7800931B80 /* SceneDelegate.swift in Sources */ = {isa = PBXBuildFile; fileRef = C02104E428270A7800931B80 /* SceneDelegate.swift */; };
		C02104E728270A7800931B80 /* MainViewController.swift in Sources */ = {isa = PBXBuildFile; fileRef = C02104E628270A7800931B80 /* MainViewController.swift */; };
		C02104EA28270A7800931B80 /* Main.storyboard in Resources */ = {isa = PBXBuildFile; fileRef = C02104E828270A7800931B80 /* Main.storyboard */; };
		C02104EC28270A7900931B80 /* Assets.xcassets in Resources */ = {isa = PBXBuildFile; fileRef = C02104EB28270A7900931B80 /* Assets.xcassets */; };
		C02104EF28270A7900931B80 /* LaunchScreen.storyboard in Resources */ = {isa = PBXBuildFile; fileRef = C02104ED28270A7900931B80 /* LaunchScreen.storyboard */; };
		C02104FF2827202000931B80 /* DetailViewController.swift in Sources */ = {isa = PBXBuildFile; fileRef = C02104FE2827202000931B80 /* DetailViewController.swift */; };
		C02105012827206700931B80 /* MainTableViewCell.swift in Sources */ = {isa = PBXBuildFile; fileRef = C02105002827206700931B80 /* MainTableViewCell.swift */; };
		C02105032827209000931B80 /* NetworkManager.swift in Sources */ = {isa = PBXBuildFile; fileRef = C02105022827209000931B80 /* NetworkManager.swift */; };
		C0210505282720A100931B80 /* NetworkError.swift in Sources */ = {isa = PBXBuildFile; fileRef = C0210504282720A100931B80 /* NetworkError.swift */; };
		C0210507282720CB00931B80 /* ImageCache.swift in Sources */ = {isa = PBXBuildFile; fileRef = C0210506282720CB00931B80 /* ImageCache.swift */; };
		C02105092827221700931B80 /* PokemonModel.swift in Sources */ = {isa = PBXBuildFile; fileRef = C02105082827221700931B80 /* PokemonModel.swift */; };
		C021050D282724E000931B80 /* UIViewController+Extensions.swift in Sources */ = {isa = PBXBuildFile; fileRef = C021050C282724E000931B80 /* UIViewController+Extensions.swift */; };
		C021050F282724F500931B80 /* UIView+Extension.swift in Sources */ = {isa = PBXBuildFile; fileRef = C021050E282724F500931B80 /* UIView+Extension.swift */; };
/* End PBXBuildFile section */

/* Begin PBXFileReference section */
		C02104DF28270A7800931B80 /* Pokedex.app */ = {isa = PBXFileReference; explicitFileType = wrapper.application; includeInIndex = 0; path = Pokedex.app; sourceTree = BUILT_PRODUCTS_DIR; };
		C02104E228270A7800931B80 /* AppDelegate.swift */ = {isa = PBXFileReference; lastKnownFileType = sourcecode.swift; path = AppDelegate.swift; sourceTree = "<group>"; };
		C02104E428270A7800931B80 /* SceneDelegate.swift */ = {isa = PBXFileReference; lastKnownFileType = sourcecode.swift; path = SceneDelegate.swift; sourceTree = "<group>"; };
		C02104E628270A7800931B80 /* MainViewController.swift */ = {isa = PBXFileReference; lastKnownFileType = sourcecode.swift; path = MainViewController.swift; sourceTree = "<group>"; };
		C02104E928270A7800931B80 /* Base */ = {isa = PBXFileReference; lastKnownFileType = file.storyboard; name = Base; path = Base.lproj/Main.storyboard; sourceTree = "<group>"; };
		C02104EB28270A7900931B80 /* Assets.xcassets */ = {isa = PBXFileReference; lastKnownFileType = folder.assetcatalog; path = Assets.xcassets; sourceTree = "<group>"; };
		C02104EE28270A7900931B80 /* Base */ = {isa = PBXFileReference; lastKnownFileType = file.storyboard; name = Base; path = Base.lproj/LaunchScreen.storyboard; sourceTree = "<group>"; };
		C02104F028270A7900931B80 /* Info.plist */ = {isa = PBXFileReference; lastKnownFileType = text.plist.xml; path = Info.plist; sourceTree = "<group>"; };
		C02104FE2827202000931B80 /* DetailViewController.swift */ = {isa = PBXFileReference; lastKnownFileType = sourcecode.swift; name = DetailViewController.swift; path = Pokedex/Controller/DetailViewController.swift; sourceTree = SOURCE_ROOT; };
		C02105002827206700931B80 /* MainTableViewCell.swift */ = {isa = PBXFileReference; lastKnownFileType = sourcecode.swift; path = MainTableViewCell.swift; sourceTree = "<group>"; };
		C02105022827209000931B80 /* NetworkManager.swift */ = {isa = PBXFileReference; lastKnownFileType = sourcecode.swift; path = NetworkManager.swift; sourceTree = "<group>"; };
		C0210504282720A100931B80 /* NetworkError.swift */ = {isa = PBXFileReference; lastKnownFileType = sourcecode.swift; path = NetworkError.swift; sourceTree = "<group>"; };
		C0210506282720CB00931B80 /* ImageCache.swift */ = {isa = PBXFileReference; lastKnownFileType = sourcecode.swift; path = ImageCache.swift; sourceTree = "<group>"; };
		C02105082827221700931B80 /* PokemonModel.swift */ = {isa = PBXFileReference; lastKnownFileType = sourcecode.swift; path = PokemonModel.swift; sourceTree = "<group>"; };
		C021050C282724E000931B80 /* UIViewController+Extensions.swift */ = {isa = PBXFileReference; lastKnownFileType = sourcecode.swift; path = "UIViewController+Extensions.swift"; sourceTree = "<group>"; };
		C021050E282724F500931B80 /* UIView+Extension.swift */ = {isa = PBXFileReference; lastKnownFileType = sourcecode.swift; path = "UIView+Extension.swift"; sourceTree = "<group>"; };
/* End PBXFileReference section */

/* Begin PBXFrameworksBuildPhase section */
		C02104DC28270A7800931B80 /* Frameworks */ = {
			isa = PBXFrameworksBuildPhase;
			buildActionMask = 2147483647;
			files = (
			);
			runOnlyForDeploymentPostprocessing = 0;
		};
/* End PBXFrameworksBuildPhase section */

/* Begin PBXGroup section */
		C02104D628270A7800931B80 = {
			isa = PBXGroup;
			children = (
				C02104E128270A7800931B80 /* Pokedex */,
				C02104E028270A7800931B80 /* Products */,
			);
			sourceTree = "<group>";
		};
		C02104E028270A7800931B80 /* Products */ = {
			isa = PBXGroup;
			children = (
				C02104DF28270A7800931B80 /* Pokedex.app */,
			);
			name = Products;
			sourceTree = "<group>";
		};
		C02104E128270A7800931B80 /* Pokedex */ = {
			isa = PBXGroup;
			children = (
				C02104FB28271F2D00931B80 /* Extensions */,
				C02104FC28271F4900931B80 /* Resource */,
				C02104FD28271FB900931B80 /* Service */,
				C02104F628271F0600931B80 /* Model */,
				C02104F828271F1B00931B80 /* View */,
				C02104F928271F2100931B80 /* Controller */,
				C021051028274B2700931B80 /* Storyboards */,
				C02104EB28270A7900931B80 /* Assets.xcassets */,
				C02104F028270A7900931B80 /* Info.plist */,
			);
			path = Pokedex;
			sourceTree = "<group>";
		};
		C02104F628271F0600931B80 /* Model */ = {
			isa = PBXGroup;
			children = (
				C02105082827221700931B80 /* PokemonModel.swift */,
			);
			path = Model;
			sourceTree = "<group>";
		};
		C02104F828271F1B00931B80 /* View */ = {
			isa = PBXGroup;
			children = (
				C02105002827206700931B80 /* MainTableViewCell.swift */,
			);
			path = View;
			sourceTree = "<group>";
		};
		C02104F928271F2100931B80 /* Controller */ = {
			isa = PBXGroup;
			children = (
				C02104E628270A7800931B80 /* MainViewController.swift */,
				C02104FE2827202000931B80 /* DetailViewController.swift */,
			);
			path = Controller;
			sourceTree = "<group>";
		};
		C02104FB28271F2D00931B80 /* Extensions */ = {
			isa = PBXGroup;
			children = (
				C021050C282724E000931B80 /* UIViewController+Extensions.swift */,
				C021050E282724F500931B80 /* UIView+Extension.swift */,
			);
			path = Extensions;
			sourceTree = "<group>";
		};
		C02104FC28271F4900931B80 /* Resource */ = {
			isa = PBXGroup;
			children = (
				C02104E228270A7800931B80 /* AppDelegate.swift */,
				C02104E428270A7800931B80 /* SceneDelegate.swift */,
			);
			path = Resource;
			sourceTree = "<group>";
		};
		C02104FD28271FB900931B80 /* Service */ = {
			isa = PBXGroup;
			children = (
				C02105022827209000931B80 /* NetworkManager.swift */,
				C0210504282720A100931B80 /* NetworkError.swift */,
				C0210506282720CB00931B80 /* ImageCache.swift */,
			);
			path = Service;
			sourceTree = "<group>";
		};
		C021051028274B2700931B80 /* Storyboards */ = {
			isa = PBXGroup;
			children = (
				C02104E828270A7800931B80 /* Main.storyboard */,
				C02104ED28270A7900931B80 /* LaunchScreen.storyboard */,
			);
			path = Storyboards;
			sourceTree = "<group>";
		};
/* End PBXGroup section */

/* Begin PBXNativeTarget section */
		C02104DE28270A7800931B80 /* Pokedex */ = {
			isa = PBXNativeTarget;
			buildConfigurationList = C02104F328270A7900931B80 /* Build configuration list for PBXNativeTarget "Pokedex" */;
			buildPhases = (
				C02104DB28270A7800931B80 /* Sources */,
				C02104DC28270A7800931B80 /* Frameworks */,
				C02104DD28270A7800931B80 /* Resources */,
			);
			buildRules = (
			);
			dependencies = (
			);
			name = Pokedex;
			productName = Pokedex;
			productReference = C02104DF28270A7800931B80 /* Pokedex.app */;
			productType = "com.apple.product-type.application";
		};
/* End PBXNativeTarget section */

/* Begin PBXProject section */
		C02104D728270A7800931B80 /* Project object */ = {
			isa = PBXProject;
			attributes = {
				BuildIndependentTargetsInParallel = 1;
				LastSwiftUpdateCheck = 1330;
				LastUpgradeCheck = 1330;
				TargetAttributes = {
					C02104DE28270A7800931B80 = {
						CreatedOnToolsVersion = 13.3.1;
					};
				};
			};
			buildConfigurationList = C02104DA28270A7800931B80 /* Build configuration list for PBXProject "Pokedex" */;
			compatibilityVersion = "Xcode 13.0";
			developmentRegion = en;
			hasScannedForEncodings = 0;
			knownRegions = (
				en,
				Base,
			);
			mainGroup = C02104D628270A7800931B80;
			productRefGroup = C02104E028270A7800931B80 /* Products */;
			projectDirPath = "";
			projectRoot = "";
			targets = (
				C02104DE28270A7800931B80 /* Pokedex */,
			);
		};
/* End PBXProject section */

/* Begin PBXResourcesBuildPhase section */
		C02104DD28270A7800931B80 /* Resources */ = {
			isa = PBXResourcesBuildPhase;
			buildActionMask = 2147483647;
			files = (
				C02104EF28270A7900931B80 /* LaunchScreen.storyboard in Resources */,
				C02104EC28270A7900931B80 /* Assets.xcassets in Resources */,
				C02104EA28270A7800931B80 /* Main.storyboard in Resources */,
			);
			runOnlyForDeploymentPostprocessing = 0;
		};
/* End PBXResourcesBuildPhase section */

/* Begin PBXSourcesBuildPhase section */
		C02104DB28270A7800931B80 /* Sources */ = {
			isa = PBXSourcesBuildPhase;
			buildActionMask = 2147483647;
			files = (
				C02105032827209000931B80 /* NetworkManager.swift in Sources */,
				C0210505282720A100931B80 /* NetworkError.swift in Sources */,
				C0210507282720CB00931B80 /* ImageCache.swift in Sources */,
				C02105012827206700931B80 /* MainTableViewCell.swift in Sources */,
				C02104E728270A7800931B80 /* MainViewController.swift in Sources */,
				C021050F282724F500931B80 /* UIView+Extension.swift in Sources */,
				C021050D282724E000931B80 /* UIViewController+Extensions.swift in Sources */,
				C02105092827221700931B80 /* PokemonModel.swift in Sources */,
				C02104E328270A7800931B80 /* AppDelegate.swift in Sources */,
				C02104E528270A7800931B80 /* SceneDelegate.swift in Sources */,
				C02104FF2827202000931B80 /* DetailViewController.swift in Sources */,
			);
			runOnlyForDeploymentPostprocessing = 0;
		};
/* End PBXSourcesBuildPhase section */

/* Begin PBXVariantGroup section */
		C02104E828270A7800931B80 /* Main.storyboard */ = {
			isa = PBXVariantGroup;
			children = (
				C02104E928270A7800931B80 /* Base */,
			);
			name = Main.storyboard;
			sourceTree = "<group>";
		};
		C02104ED28270A7900931B80 /* LaunchScreen.storyboard */ = {
			isa = PBXVariantGroup;
			children = (
				C02104EE28270A7900931B80 /* Base */,
			);
			name = LaunchScreen.storyboard;
			sourceTree = "<group>";
		};
/* End PBXVariantGroup section */

/* Begin XCBuildConfiguration section */
		C02104F128270A7900931B80 /* Debug */ = {
			isa = XCBuildConfiguration;
			buildSettings = {
				ALWAYS_SEARCH_USER_PATHS = NO;
				CLANG_ANALYZER_NONNULL = YES;
				CLANG_ANALYZER_NUMBER_OBJECT_CONVERSION = YES_AGGRESSIVE;
				CLANG_CXX_LANGUAGE_STANDARD = "gnu++17";
				CLANG_ENABLE_MODULES = YES;
				CLANG_ENABLE_OBJC_ARC = YES;
				CLANG_ENABLE_OBJC_WEAK = YES;
				CLANG_WARN_BLOCK_CAPTURE_AUTORELEASING = YES;
				CLANG_WARN_BOOL_CONVERSION = YES;
				CLANG_WARN_COMMA = YES;
				CLANG_WARN_CONSTANT_CONVERSION = YES;
				CLANG_WARN_DEPRECATED_OBJC_IMPLEMENTATIONS = YES;
				CLANG_WARN_DIRECT_OBJC_ISA_USAGE = YES_ERROR;
				CLANG_WARN_DOCUMENTATION_COMMENTS = YES;
				CLANG_WARN_EMPTY_BODY = YES;
				CLANG_WARN_ENUM_CONVERSION = YES;
				CLANG_WARN_INFINITE_RECURSION = YES;
				CLANG_WARN_INT_CONVERSION = YES;
				CLANG_WARN_NON_LITERAL_NULL_CONVERSION = YES;
				CLANG_WARN_OBJC_IMPLICIT_RETAIN_SELF = YES;
				CLANG_WARN_OBJC_LITERAL_CONVERSION = YES;
				CLANG_WARN_OBJC_ROOT_CLASS = YES_ERROR;
				CLANG_WARN_QUOTED_INCLUDE_IN_FRAMEWORK_HEADER = YES;
				CLANG_WARN_RANGE_LOOP_ANALYSIS = YES;
				CLANG_WARN_STRICT_PROTOTYPES = YES;
				CLANG_WARN_SUSPICIOUS_MOVE = YES;
				CLANG_WARN_UNGUARDED_AVAILABILITY = YES_AGGRESSIVE;
				CLANG_WARN_UNREACHABLE_CODE = YES;
				CLANG_WARN__DUPLICATE_METHOD_MATCH = YES;
				COPY_PHASE_STRIP = NO;
				DEBUG_INFORMATION_FORMAT = dwarf;
				ENABLE_STRICT_OBJC_MSGSEND = YES;
				ENABLE_TESTABILITY = YES;
				GCC_C_LANGUAGE_STANDARD = gnu11;
				GCC_DYNAMIC_NO_PIC = NO;
				GCC_NO_COMMON_BLOCKS = YES;
				GCC_OPTIMIZATION_LEVEL = 0;
				GCC_PREPROCESSOR_DEFINITIONS = (
					"DEBUG=1",
					"$(inherited)",
				);
				GCC_WARN_64_TO_32_BIT_CONVERSION = YES;
				GCC_WARN_ABOUT_RETURN_TYPE = YES_ERROR;
				GCC_WARN_UNDECLARED_SELECTOR = YES;
				GCC_WARN_UNINITIALIZED_AUTOS = YES_AGGRESSIVE;
				GCC_WARN_UNUSED_FUNCTION = YES;
				GCC_WARN_UNUSED_VARIABLE = YES;
				IPHONEOS_DEPLOYMENT_TARGET = 15.4;
				MTL_ENABLE_DEBUG_INFO = INCLUDE_SOURCE;
				MTL_FAST_MATH = YES;
				ONLY_ACTIVE_ARCH = YES;
				SDKROOT = iphoneos;
				SWIFT_ACTIVE_COMPILATION_CONDITIONS = DEBUG;
				SWIFT_OPTIMIZATION_LEVEL = "-Onone";
			};
			name = Debug;
		};
		C02104F228270A7900931B80 /* Release */ = {
			isa = XCBuildConfiguration;
			buildSettings = {
				ALWAYS_SEARCH_USER_PATHS = NO;
				CLANG_ANALYZER_NONNULL = YES;
				CLANG_ANALYZER_NUMBER_OBJECT_CONVERSION = YES_AGGRESSIVE;
				CLANG_CXX_LANGUAGE_STANDARD = "gnu++17";
				CLANG_ENABLE_MODULES = YES;
				CLANG_ENABLE_OBJC_ARC = YES;
				CLANG_ENABLE_OBJC_WEAK = YES;
				CLANG_WARN_BLOCK_CAPTURE_AUTORELEASING = YES;
				CLANG_WARN_BOOL_CONVERSION = YES;
				CLANG_WARN_COMMA = YES;
				CLANG_WARN_CONSTANT_CONVERSION = YES;
				CLANG_WARN_DEPRECATED_OBJC_IMPLEMENTATIONS = YES;
				CLANG_WARN_DIRECT_OBJC_ISA_USAGE = YES_ERROR;
				CLANG_WARN_DOCUMENTATION_COMMENTS = YES;
				CLANG_WARN_EMPTY_BODY = YES;
				CLANG_WARN_ENUM_CONVERSION = YES;
				CLANG_WARN_INFINITE_RECURSION = YES;
				CLANG_WARN_INT_CONVERSION = YES;
				CLANG_WARN_NON_LITERAL_NULL_CONVERSION = YES;
				CLANG_WARN_OBJC_IMPLICIT_RETAIN_SELF = YES;
				CLANG_WARN_OBJC_LITERAL_CONVERSION = YES;
				CLANG_WARN_OBJC_ROOT_CLASS = YES_ERROR;
				CLANG_WARN_QUOTED_INCLUDE_IN_FRAMEWORK_HEADER = YES;
				CLANG_WARN_RANGE_LOOP_ANALYSIS = YES;
				CLANG_WARN_STRICT_PROTOTYPES = YES;
				CLANG_WARN_SUSPICIOUS_MOVE = YES;
				CLANG_WARN_UNGUARDED_AVAILABILITY = YES_AGGRESSIVE;
				CLANG_WARN_UNREACHABLE_CODE = YES;
				CLANG_WARN__DUPLICATE_METHOD_MATCH = YES;
				COPY_PHASE_STRIP = NO;
				DEBUG_INFORMATION_FORMAT = "dwarf-with-dsym";
				ENABLE_NS_ASSERTIONS = NO;
				ENABLE_STRICT_OBJC_MSGSEND = YES;
				GCC_C_LANGUAGE_STANDARD = gnu11;
				GCC_NO_COMMON_BLOCKS = YES;
				GCC_WARN_64_TO_32_BIT_CONVERSION = YES;
				GCC_WARN_ABOUT_RETURN_TYPE = YES_ERROR;
				GCC_WARN_UNDECLARED_SELECTOR = YES;
				GCC_WARN_UNINITIALIZED_AUTOS = YES_AGGRESSIVE;
				GCC_WARN_UNUSED_FUNCTION = YES;
				GCC_WARN_UNUSED_VARIABLE = YES;
				IPHONEOS_DEPLOYMENT_TARGET = 15.4;
				MTL_ENABLE_DEBUG_INFO = NO;
				MTL_FAST_MATH = YES;
				SDKROOT = iphoneos;
				SWIFT_COMPILATION_MODE = wholemodule;
				SWIFT_OPTIMIZATION_LEVEL = "-O";
				VALIDATE_PRODUCT = YES;
			};
			name = Release;
		};
		C02104F428270A7900931B80 /* Debug */ = {
			isa = XCBuildConfiguration;
			buildSettings = {
				ASSETCATALOG_COMPILER_APPICON_NAME = AppIcon;
				ASSETCATALOG_COMPILER_GLOBAL_ACCENT_COLOR_NAME = AccentColor;
				CODE_SIGN_STYLE = Automatic;
				CURRENT_PROJECT_VERSION = 1;
				DEVELOPMENT_TEAM = G42W9C76Z8;
				GENERATE_INFOPLIST_FILE = YES;
				INFOPLIST_FILE = Pokedex/Info.plist;
				INFOPLIST_KEY_UIApplicationSupportsIndirectInputEvents = YES;
				INFOPLIST_KEY_UILaunchStoryboardName = LaunchScreen;
				INFOPLIST_KEY_UIMainStoryboardFile = Main;
				INFOPLIST_KEY_UISupportedInterfaceOrientations_iPad = "UIInterfaceOrientationPortrait UIInterfaceOrientationPortraitUpsideDown UIInterfaceOrientationLandscapeLeft UIInterfaceOrientationLandscapeRight";
				INFOPLIST_KEY_UISupportedInterfaceOrientations_iPhone = "UIInterfaceOrientationPortrait UIInterfaceOrientationLandscapeLeft UIInterfaceOrientationLandscapeRight";
				LD_RUNPATH_SEARCH_PATHS = (
					"$(inherited)",
					"@executable_path/Frameworks",
				);
				MARKETING_VERSION = 1.0;
				PRODUCT_BUNDLE_IDENTIFIER = iOS.Pokedex;
				PRODUCT_NAME = "$(TARGET_NAME)";
				SWIFT_EMIT_LOC_STRINGS = YES;
				SWIFT_VERSION = 5.0;
				TARGETED_DEVICE_FAMILY = "1,2";
			};
			name = Debug;
		};
		C02104F528270A7900931B80 /* Release */ = {
			isa = XCBuildConfiguration;
			buildSettings = {
				ASSETCATALOG_COMPILER_APPICON_NAME = AppIcon;
				ASSETCATALOG_COMPILER_GLOBAL_ACCENT_COLOR_NAME = AccentColor;
				CODE_SIGN_STYLE = Automatic;
				CURRENT_PROJECT_VERSION = 1;
				DEVELOPMENT_TEAM = G42W9C76Z8;
				GENERATE_INFOPLIST_FILE = YES;
				INFOPLIST_FILE = Pokedex/Info.plist;
				INFOPLIST_KEY_UIApplicationSupportsIndirectInputEvents = YES;
				INFOPLIST_KEY_UILaunchStoryboardName = LaunchScreen;
				INFOPLIST_KEY_UIMainStoryboardFile = Main;
				INFOPLIST_KEY_UISupportedInterfaceOrientations_iPad = "UIInterfaceOrientationPortrait UIInterfaceOrientationPortraitUpsideDown UIInterfaceOrientationLandscapeLeft UIInterfaceOrientationLandscapeRight";
				INFOPLIST_KEY_UISupportedInterfaceOrientations_iPhone = "UIInterfaceOrientationPortrait UIInterfaceOrientationLandscapeLeft UIInterfaceOrientationLandscapeRight";
				LD_RUNPATH_SEARCH_PATHS = (
					"$(inherited)",
					"@executable_path/Frameworks",
				);
				MARKETING_VERSION = 1.0;
				PRODUCT_BUNDLE_IDENTIFIER = iOS.Pokedex;
				PRODUCT_NAME = "$(TARGET_NAME)";
				SWIFT_EMIT_LOC_STRINGS = YES;
				SWIFT_VERSION = 5.0;
				TARGETED_DEVICE_FAMILY = "1,2";
			};
			name = Release;
		};
/* End XCBuildConfiguration section */

/* Begin XCConfigurationList section */
		C02104DA28270A7800931B80 /* Build configuration list for PBXProject "Pokedex" */ = {
			isa = XCConfigurationList;
			buildConfigurations = (
				C02104F128270A7900931B80 /* Debug */,
				C02104F228270A7900931B80 /* Release */,
			);
			defaultConfigurationIsVisible = 0;
			defaultConfigurationName = Release;
		};
		C02104F328270A7900931B80 /* Build configuration list for PBXNativeTarget "Pokedex" */ = {
			isa = XCConfigurationList;
			buildConfigurations = (
				C02104F428270A7900931B80 /* Debug */,
				C02104F528270A7900931B80 /* Release */,
			);
			defaultConfigurationIsVisible = 0;
			defaultConfigurationName = Release;
		};
/* End XCConfigurationList section */
	};
	rootObject = C02104D728270A7800931B80 /* Project object */;
}
